
Microsoft Visual Studio Solution File, Format Version 12.00
# Visual Studio Version 17
VisualStudioVersion = 17.13.35919.96
MinimumVisualStudioVersion = 10.0.40219.1
Project("{2150E333-8FDC-42A3-9474-1A3956D46DE8}") = "self_introduction", "self_introduction", "{DDB4EF12-CC4E-5E88-E6FC-71A802F4DE97}"
EndProject
Project("{FAE04EC0-301F-11D3-BF4B-00C04F79EFBC}") = "cs_self_introduction", "self_introduction\cs_self_introduction\cs_self_introduction.csproj", "{40939540-155F-43DC-8BCC-DB14B19DB015}"
EndProject
Project("{8BC9CEB8-8B4A-11D0-8D11-00A0C91BC942}") = "cpp_self_introduction", "self_introduction\cpp_self_introduction\cpp_self_introduction.vcxproj", "{C4394568-A96D-4256-B3AB-BC54D15699AA}"
EndProject
Project("{888888A0-9F3D-457C-B088-3A5042F75D52}") = "py_self_introduction", "self_introduction\py_self_introduction\py_self_introduction.pyproj", "{EF711C5C-0FA0-4368-9C41-860EA656B3A8}"
EndProject
Project("{F184B08F-C81C-45F6-A57F-5ABD9991F28F}") = "vb_self_introduction", "self_introduction\vb_self_introduction\vb_self_introduction.vbproj", "{5273F887-71AF-4055-B5FD-28CA15BC4AE3}"
EndProject
Project("{F2A71F9B-5D33-465A-A702-920D77279786}") = "fs_self_introduction", "self_introduction\fs_self_introduction\fs_self_introduction.fsproj", "{7AC0D379-2A56-4128-8321-04A6C9AA6593}"
EndProject
Project("{2150E333-8FDC-42A3-9474-1A3956D46DE8}") = "stdin", "stdin", "{70C43657-7D18-4E95-98C9-32CD9DF5809E}"
EndProject
Project("{FAE04EC0-301F-11D3-BF4B-00C04F79EFBC}") = "cs_stdin_1", "stdin\cs_stdin_1\cs_stdin_1.csproj", "{A49895EF-F271-4BD8-B742-D5B56BCA6272}"
EndProject
Project("{8BC9CEB8-8B4A-11D0-8D11-00A0C91BC942}") = "cpp_stdin_1", "stdin\cpp_stdin_1\cpp_stdin_1.vcxproj", "{D2826D01-0189-4C58-8397-454C3AD647A8}"
EndProject
Project("{888888A0-9F3D-457C-B088-3A5042F75D52}") = "py_stdin_1", "stdin\py_stdin_1\py_stdin_1.pyproj", "{17C7A339-D6AF-4529-A89E-CA06B6D010E4}"
EndProject
Project("{F184B08F-C81C-45F6-A57F-5ABD9991F28F}") = "vb_stdin_1", "stdin\vb_stdin_1\vb_stdin_1.vbproj", "{EAA20C58-E4A8-4059-9FB1-1FD907AFE6C3}"
EndProject
Project("{F2A71F9B-5D33-465A-A702-920D77279786}") = "fs_stdin_1", "stdin\fs_stdin_1\fs_stdin_1.fsproj", "{0F4C55C5-77E2-41C7-AC8F-46F36786F87B}"
EndProject
Project("{888888A0-9F3D-457C-B088-3A5042F75D52}") = "py_stdin_1_line", "stdin\py_stdin_1_line\py_stdin_1_line.pyproj", "{994E4C57-6D81-4DD4-AA78-05C313E50775}"
EndProject
Project("{8BC9CEB8-8B4A-11D0-8D11-00A0C91BC942}") = "cpp_stdin_1_line", "stdin\cpp_stdin_1_line\cpp_stdin_1_line.vcxproj", "{9E3D1004-F8EE-4115-8A85-4FD8139EDA6F}"
EndProject
Project("{FAE04EC0-301F-11D3-BF4B-00C04F79EFBC}") = "cs_stdin_1_line", "stdin\cs_stdin_1_line\cs_stdin_1_line.csproj", "{CC176699-D399-47D7-A222-77F13C51E99D}"
EndProject
Project("{F184B08F-C81C-45F6-A57F-5ABD9991F28F}") = "vb_stdin_1_line", "stdin\vb_stdin_1_line\vb_stdin_1_line.vbproj", "{D10C97B4-D2DD-447E-96B2-F150BC31E384}"
EndProject
Project("{F2A71F9B-5D33-465A-A702-920D77279786}") = "fs_stdin_1_line", "stdin\fs_stdin_1_line\fs_stdin_1_line.fsproj", "{19783C00-30EF-777D-EC68-2B0962DF4745}"
EndProject
Project("{888888A0-9F3D-457C-B088-3A5042F75D52}") = "py_stdin_3_line", "stdin\py_stdin_3_line\py_stdin_3_line.pyproj", "{1D7BE9B7-00A5-4E29-8AEC-FF006DF7395B}"
EndProject
Project("{8BC9CEB8-8B4A-11D0-8D11-00A0C91BC942}") = "cpp_stdin_3_line", "stdin\cpp_stdin_3_line\cpp_stdin_3_line.vcxproj", "{E6F4444F-9628-4623-9050-BDC59DBBE90D}"
EndProject
Project("{FAE04EC0-301F-11D3-BF4B-00C04F79EFBC}") = "cs_stdin_3_line", "stdin\cs_stdin_3_line\cs_stdin_3_line.csproj", "{4D80C897-C009-4FC4-B589-18B4954299E8}"
EndProject
Project("{F184B08F-C81C-45F6-A57F-5ABD9991F28F}") = "vb_stdin_3_line", "stdin\vb_stdin_3_line\vb_stdin_3_line.vbproj", "{99E4D580-38AB-49D1-8CB6-0C658629B24C}"
EndProject
Project("{F2A71F9B-5D33-465A-A702-920D77279786}") = "fs_stdin_3_line", "stdin\fs_stdin_3_line\fs_stdin_3_line.fsproj", "{4C0274EC-7580-4417-AA8E-2CD7B4512F11}"
EndProject
Project("{888888A0-9F3D-457C-B088-3A5042F75D52}") = "py_stdin_n_line", "stdin\py_stdin_n_line\py_stdin_n_line.pyproj", "{58481A9B-92D8-4381-BCD8-6F6534BED49C}"
EndProject
Project("{8BC9CEB8-8B4A-11D0-8D11-00A0C91BC942}") = "cpp_stdin_n", "stdin\cpp_stdin_n\cpp_stdin_n.vcxproj", "{0BB6F4D7-216B-4B8C-B951-2460A27739C5}"
EndProject
Project("{FAE04EC0-301F-11D3-BF4B-00C04F79EFBC}") = "cs_stdin_n_line", "stdin\cs_stdin_n_line\cs_stdin_n_line.csproj", "{08D7E7F9-0609-47C8-8224-A11E81F0C8F5}"
EndProject
Project("{F184B08F-C81C-45F6-A57F-5ABD9991F28F}") = "vb_stdin_n_line", "stdin\vb_stdin_n_line\vb_stdin_n_line.vbproj", "{25AD3181-096F-4B30-9511-BACD9CB47195}"
EndProject
Project("{F2A71F9B-5D33-465A-A702-920D77279786}") = "fs_stdin_n_line", "stdin\fs_stdin_n_line\fs_stdin_n_line.fsproj", "{13258B0B-3372-4445-B19D-056F251D49EC}"
EndProject
Project("{888888A0-9F3D-457C-B088-3A5042F75D52}") = "py_stdin_3", "stdin\py_stdin_3\py_stdin_3.pyproj", "{0FDE092E-A6A4-4468-AA11-0A0A296EB18C}"
EndProject
Project("{8BC9CEB8-8B4A-11D0-8D11-00A0C91BC942}") = "cpp_stdin_3", "stdin\cpp_stdin_3\cpp_stdin_3.vcxproj", "{45C4E7E1-8E1A-4080-9C27-410887113B2C}"
EndProject
Project("{FAE04EC0-301F-11D3-BF4B-00C04F79EFBC}") = "cs_stdin_3", "stdin\cs_stdin_3\cs_stdin_3.csproj", "{5560CA65-85F0-4108-8248-FDDE6AE04BE5}"
EndProject
Project("{F184B08F-C81C-45F6-A57F-5ABD9991F28F}") = "vb_stdin_3", "stdin\vb_stdin_3\vb_stdin_3.vbproj", "{5CC3DBE9-6B30-4BD5-8778-041565964509}"
EndProject
Project("{888888A0-9F3D-457C-B088-3A5042F75D52}") = "py_stdin_n", "stdin\py_stdin_n\py_stdin_n.pyproj", "{0E9D1415-5974-49E0-8356-5611D2F8AF7F}"
EndProject
Project("{8BC9CEB8-8B4A-11D0-8D11-00A0C91BC942}") = "cpp_stdin_n_line", "stdin\cpp_stdin_n_line\cpp_stdin_n_line.vcxproj", "{DDE5B9CF-FF88-4295-839A-E4FE2C20FDCF}"
EndProject
Project("{FAE04EC0-301F-11D3-BF4B-00C04F79EFBC}") = "cs_stdin_n", "stdin\cs_stdin_n\cs_stdin_n.csproj", "{D3E6A8CA-6597-4880-8847-1FE496831472}"
EndProject
Project("{F2A71F9B-5D33-465A-A702-920D77279786}") = "fs_stdin_3", "stdin\fs_stdin_3\fs_stdin_3.fsproj", "{7877CA38-2770-4FF3-9E5B-6475C91745E1}"
EndProject
Project("{F2A71F9B-5D33-465A-A702-920D77279786}") = "fs_stdin_n", "stdin\fs_stdin_n\fs_stdin_n.fsproj", "{98285A39-5D24-41FD-B60B-F8C87DE6D176}"
EndProject
Project("{F184B08F-C81C-45F6-A57F-5ABD9991F28F}") = "vb_stdin_n", "stdin\vb_stdin_n\vb_stdin_n.vbproj", "{4DEF1296-A12E-4FCA-A970-25B7D3A10FAF}"
EndProject
Project("{8BC9CEB8-8B4A-11D0-8D11-00A0C91BC942}") = "cpp_stdin_comma_3", "stdin\cpp_stdin_comma_3\cpp_stdin_comma_3.vcxproj", "{3D10679A-9BED-4F89-A191-662E1A0521D7}"
EndProject
Project("{FAE04EC0-301F-11D3-BF4B-00C04F79EFBC}") = "cs_stdin_comma_3", "stdin\cs_stdin_comma_3\cs_stdin_comma_3.csproj", "{7F1D163A-937A-44E4-8D65-1497404B1377}"
EndProject
Project("{F184B08F-C81C-45F6-A57F-5ABD9991F28F}") = "vb_stdin_comma_3", "stdin\vb_stdin_comma_3\vb_stdin_comma_3.vbproj", "{C7FF527B-8808-407D-9B31-6F6CA19589D8}"
EndProject
Project("{F2A71F9B-5D33-465A-A702-920D77279786}") = "fs_stdin_comma_3", "stdin\fs_stdin_comma_3\fs_stdin_comma_3.fsproj", "{69E8BDD2-6971-4237-9796-D66AAE4F0E04}"
EndProject
Global
	GlobalSection(SolutionConfigurationPlatforms) = preSolution
		Debug|Any CPU = Debug|Any CPU
		Debug|x64 = Debug|x64
		Debug|x86 = Debug|x86
		Release|Any CPU = Release|Any CPU
		Release|x64 = Release|x64
		Release|x86 = Release|x86
	EndGlobalSection
	GlobalSection(ProjectConfigurationPlatforms) = postSolution
		{40939540-155F-43DC-8BCC-DB14B19DB015}.Debug|Any CPU.ActiveCfg = Debug|Any CPU
		{40939540-155F-43DC-8BCC-DB14B19DB015}.Debug|Any CPU.Build.0 = Debug|Any CPU
		{40939540-155F-43DC-8BCC-DB14B19DB015}.Debug|x64.ActiveCfg = Debug|Any CPU
		{40939540-155F-43DC-8BCC-DB14B19DB015}.Debug|x64.Build.0 = Debug|Any CPU
		{40939540-155F-43DC-8BCC-DB14B19DB015}.Debug|x86.ActiveCfg = Debug|Any CPU
		{40939540-155F-43DC-8BCC-DB14B19DB015}.Debug|x86.Build.0 = Debug|Any CPU
		{40939540-155F-43DC-8BCC-DB14B19DB015}.Release|Any CPU.ActiveCfg = Release|Any CPU
		{40939540-155F-43DC-8BCC-DB14B19DB015}.Release|Any CPU.Build.0 = Release|Any CPU
		{40939540-155F-43DC-8BCC-DB14B19DB015}.Release|x64.ActiveCfg = Release|Any CPU
		{40939540-155F-43DC-8BCC-DB14B19DB015}.Release|x64.Build.0 = Release|Any CPU
		{40939540-155F-43DC-8BCC-DB14B19DB015}.Release|x86.ActiveCfg = Release|Any CPU
		{40939540-155F-43DC-8BCC-DB14B19DB015}.Release|x86.Build.0 = Release|Any CPU
		{C4394568-A96D-4256-B3AB-BC54D15699AA}.Debug|Any CPU.ActiveCfg = Debug|x64
		{C4394568-A96D-4256-B3AB-BC54D15699AA}.Debug|Any CPU.Build.0 = Debug|x64
		{C4394568-A96D-4256-B3AB-BC54D15699AA}.Debug|x64.ActiveCfg = Debug|x64
		{C4394568-A96D-4256-B3AB-BC54D15699AA}.Debug|x64.Build.0 = Debug|x64
		{C4394568-A96D-4256-B3AB-BC54D15699AA}.Debug|x86.ActiveCfg = Debug|Win32
		{C4394568-A96D-4256-B3AB-BC54D15699AA}.Debug|x86.Build.0 = Debug|Win32
		{C4394568-A96D-4256-B3AB-BC54D15699AA}.Release|Any CPU.ActiveCfg = Release|x64
		{C4394568-A96D-4256-B3AB-BC54D15699AA}.Release|Any CPU.Build.0 = Release|x64
		{C4394568-A96D-4256-B3AB-BC54D15699AA}.Release|x64.ActiveCfg = Release|x64
		{C4394568-A96D-4256-B3AB-BC54D15699AA}.Release|x64.Build.0 = Release|x64
		{C4394568-A96D-4256-B3AB-BC54D15699AA}.Release|x86.ActiveCfg = Release|Win32
		{C4394568-A96D-4256-B3AB-BC54D15699AA}.Release|x86.Build.0 = Release|Win32
		{EF711C5C-0FA0-4368-9C41-860EA656B3A8}.Debug|Any CPU.ActiveCfg = Debug|Any CPU
		{EF711C5C-0FA0-4368-9C41-860EA656B3A8}.Debug|x64.ActiveCfg = Debug|Any CPU
		{EF711C5C-0FA0-4368-9C41-860EA656B3A8}.Debug|x86.ActiveCfg = Debug|Any CPU
		{EF711C5C-0FA0-4368-9C41-860EA656B3A8}.Release|Any CPU.ActiveCfg = Release|Any CPU
		{EF711C5C-0FA0-4368-9C41-860EA656B3A8}.Release|x64.ActiveCfg = Release|Any CPU
		{EF711C5C-0FA0-4368-9C41-860EA656B3A8}.Release|x86.ActiveCfg = Release|Any CPU
		{5273F887-71AF-4055-B5FD-28CA15BC4AE3}.Debug|Any CPU.ActiveCfg = Debug|Any CPU
		{5273F887-71AF-4055-B5FD-28CA15BC4AE3}.Debug|Any CPU.Build.0 = Debug|Any CPU
		{5273F887-71AF-4055-B5FD-28CA15BC4AE3}.Debug|x64.ActiveCfg = Debug|Any CPU
		{5273F887-71AF-4055-B5FD-28CA15BC4AE3}.Debug|x64.Build.0 = Debug|Any CPU
		{5273F887-71AF-4055-B5FD-28CA15BC4AE3}.Debug|x86.ActiveCfg = Debug|Any CPU
		{5273F887-71AF-4055-B5FD-28CA15BC4AE3}.Debug|x86.Build.0 = Debug|Any CPU
		{5273F887-71AF-4055-B5FD-28CA15BC4AE3}.Release|Any CPU.ActiveCfg = Release|Any CPU
		{5273F887-71AF-4055-B5FD-28CA15BC4AE3}.Release|Any CPU.Build.0 = Release|Any CPU
		{5273F887-71AF-4055-B5FD-28CA15BC4AE3}.Release|x64.ActiveCfg = Release|Any CPU
		{5273F887-71AF-4055-B5FD-28CA15BC4AE3}.Release|x64.Build.0 = Release|Any CPU
		{5273F887-71AF-4055-B5FD-28CA15BC4AE3}.Release|x86.ActiveCfg = Release|Any CPU
		{5273F887-71AF-4055-B5FD-28CA15BC4AE3}.Release|x86.Build.0 = Release|Any CPU
		{7AC0D379-2A56-4128-8321-04A6C9AA6593}.Debug|Any CPU.ActiveCfg = Debug|Any CPU
		{7AC0D379-2A56-4128-8321-04A6C9AA6593}.Debug|Any CPU.Build.0 = Debug|Any CPU
		{7AC0D379-2A56-4128-8321-04A6C9AA6593}.Debug|x64.ActiveCfg = Debug|Any CPU
		{7AC0D379-2A56-4128-8321-04A6C9AA6593}.Debug|x64.Build.0 = Debug|Any CPU
		{7AC0D379-2A56-4128-8321-04A6C9AA6593}.Debug|x86.ActiveCfg = Debug|Any CPU
		{7AC0D379-2A56-4128-8321-04A6C9AA6593}.Debug|x86.Build.0 = Debug|Any CPU
		{7AC0D379-2A56-4128-8321-04A6C9AA6593}.Release|Any CPU.ActiveCfg = Release|Any CPU
		{7AC0D379-2A56-4128-8321-04A6C9AA6593}.Release|Any CPU.Build.0 = Release|Any CPU
		{7AC0D379-2A56-4128-8321-04A6C9AA6593}.Release|x64.ActiveCfg = Release|Any CPU
		{7AC0D379-2A56-4128-8321-04A6C9AA6593}.Release|x64.Build.0 = Release|Any CPU
		{7AC0D379-2A56-4128-8321-04A6C9AA6593}.Release|x86.ActiveCfg = Release|Any CPU
		{7AC0D379-2A56-4128-8321-04A6C9AA6593}.Release|x86.Build.0 = Release|Any CPU
		{A49895EF-F271-4BD8-B742-D5B56BCA6272}.Debug|Any CPU.ActiveCfg = Debug|Any CPU
		{A49895EF-F271-4BD8-B742-D5B56BCA6272}.Debug|Any CPU.Build.0 = Debug|Any CPU
		{A49895EF-F271-4BD8-B742-D5B56BCA6272}.Debug|x64.ActiveCfg = Debug|Any CPU
		{A49895EF-F271-4BD8-B742-D5B56BCA6272}.Debug|x64.Build.0 = Debug|Any CPU
		{A49895EF-F271-4BD8-B742-D5B56BCA6272}.Debug|x86.ActiveCfg = Debug|Any CPU
		{A49895EF-F271-4BD8-B742-D5B56BCA6272}.Debug|x86.Build.0 = Debug|Any CPU
		{A49895EF-F271-4BD8-B742-D5B56BCA6272}.Release|Any CPU.ActiveCfg = Release|Any CPU
		{A49895EF-F271-4BD8-B742-D5B56BCA6272}.Release|Any CPU.Build.0 = Release|Any CPU
		{A49895EF-F271-4BD8-B742-D5B56BCA6272}.Release|x64.ActiveCfg = Release|Any CPU
		{A49895EF-F271-4BD8-B742-D5B56BCA6272}.Release|x64.Build.0 = Release|Any CPU
		{A49895EF-F271-4BD8-B742-D5B56BCA6272}.Release|x86.ActiveCfg = Release|Any CPU
		{A49895EF-F271-4BD8-B742-D5B56BCA6272}.Release|x86.Build.0 = Release|Any CPU
		{D2826D01-0189-4C58-8397-454C3AD647A8}.Debug|Any CPU.ActiveCfg = Debug|x64
		{D2826D01-0189-4C58-8397-454C3AD647A8}.Debug|Any CPU.Build.0 = Debug|x64
		{D2826D01-0189-4C58-8397-454C3AD647A8}.Debug|x64.ActiveCfg = Debug|x64
		{D2826D01-0189-4C58-8397-454C3AD647A8}.Debug|x64.Build.0 = Debug|x64
		{D2826D01-0189-4C58-8397-454C3AD647A8}.Debug|x86.ActiveCfg = Debug|Win32
		{D2826D01-0189-4C58-8397-454C3AD647A8}.Debug|x86.Build.0 = Debug|Win32
		{D2826D01-0189-4C58-8397-454C3AD647A8}.Release|Any CPU.ActiveCfg = Release|x64
		{D2826D01-0189-4C58-8397-454C3AD647A8}.Release|Any CPU.Build.0 = Release|x64
		{D2826D01-0189-4C58-8397-454C3AD647A8}.Release|x64.ActiveCfg = Release|x64
		{D2826D01-0189-4C58-8397-454C3AD647A8}.Release|x64.Build.0 = Release|x64
		{D2826D01-0189-4C58-8397-454C3AD647A8}.Release|x86.ActiveCfg = Release|Win32
		{D2826D01-0189-4C58-8397-454C3AD647A8}.Release|x86.Build.0 = Release|Win32
		{17C7A339-D6AF-4529-A89E-CA06B6D010E4}.Debug|Any CPU.ActiveCfg = Debug|Any CPU
		{17C7A339-D6AF-4529-A89E-CA06B6D010E4}.Debug|x64.ActiveCfg = Debug|Any CPU
		{17C7A339-D6AF-4529-A89E-CA06B6D010E4}.Debug|x86.ActiveCfg = Debug|Any CPU
		{17C7A339-D6AF-4529-A89E-CA06B6D010E4}.Release|Any CPU.ActiveCfg = Release|Any CPU
		{17C7A339-D6AF-4529-A89E-CA06B6D010E4}.Release|x64.ActiveCfg = Release|Any CPU
		{17C7A339-D6AF-4529-A89E-CA06B6D010E4}.Release|x86.ActiveCfg = Release|Any CPU
		{EAA20C58-E4A8-4059-9FB1-1FD907AFE6C3}.Debug|Any CPU.ActiveCfg = Debug|Any CPU
		{EAA20C58-E4A8-4059-9FB1-1FD907AFE6C3}.Debug|Any CPU.Build.0 = Debug|Any CPU
		{EAA20C58-E4A8-4059-9FB1-1FD907AFE6C3}.Debug|x64.ActiveCfg = Debug|Any CPU
		{EAA20C58-E4A8-4059-9FB1-1FD907AFE6C3}.Debug|x64.Build.0 = Debug|Any CPU
		{EAA20C58-E4A8-4059-9FB1-1FD907AFE6C3}.Debug|x86.ActiveCfg = Debug|Any CPU
		{EAA20C58-E4A8-4059-9FB1-1FD907AFE6C3}.Debug|x86.Build.0 = Debug|Any CPU
		{EAA20C58-E4A8-4059-9FB1-1FD907AFE6C3}.Release|Any CPU.ActiveCfg = Release|Any CPU
		{EAA20C58-E4A8-4059-9FB1-1FD907AFE6C3}.Release|Any CPU.Build.0 = Release|Any CPU
		{EAA20C58-E4A8-4059-9FB1-1FD907AFE6C3}.Release|x64.ActiveCfg = Release|Any CPU
		{EAA20C58-E4A8-4059-9FB1-1FD907AFE6C3}.Release|x64.Build.0 = Release|Any CPU
		{EAA20C58-E4A8-4059-9FB1-1FD907AFE6C3}.Release|x86.ActiveCfg = Release|Any CPU
		{EAA20C58-E4A8-4059-9FB1-1FD907AFE6C3}.Release|x86.Build.0 = Release|Any CPU
		{0F4C55C5-77E2-41C7-AC8F-46F36786F87B}.Debug|Any CPU.ActiveCfg = Debug|Any CPU
		{0F4C55C5-77E2-41C7-AC8F-46F36786F87B}.Debug|Any CPU.Build.0 = Debug|Any CPU
		{0F4C55C5-77E2-41C7-AC8F-46F36786F87B}.Debug|x64.ActiveCfg = Debug|Any CPU
		{0F4C55C5-77E2-41C7-AC8F-46F36786F87B}.Debug|x64.Build.0 = Debug|Any CPU
		{0F4C55C5-77E2-41C7-AC8F-46F36786F87B}.Debug|x86.ActiveCfg = Debug|Any CPU
		{0F4C55C5-77E2-41C7-AC8F-46F36786F87B}.Debug|x86.Build.0 = Debug|Any CPU
		{0F4C55C5-77E2-41C7-AC8F-46F36786F87B}.Release|Any CPU.ActiveCfg = Release|Any CPU
		{0F4C55C5-77E2-41C7-AC8F-46F36786F87B}.Release|Any CPU.Build.0 = Release|Any CPU
		{0F4C55C5-77E2-41C7-AC8F-46F36786F87B}.Release|x64.ActiveCfg = Release|Any CPU
		{0F4C55C5-77E2-41C7-AC8F-46F36786F87B}.Release|x64.Build.0 = Release|Any CPU
		{0F4C55C5-77E2-41C7-AC8F-46F36786F87B}.Release|x86.ActiveCfg = Release|Any CPU
		{0F4C55C5-77E2-41C7-AC8F-46F36786F87B}.Release|x86.Build.0 = Release|Any CPU
		{994E4C57-6D81-4DD4-AA78-05C313E50775}.Debug|Any CPU.ActiveCfg = Debug|Any CPU
		{994E4C57-6D81-4DD4-AA78-05C313E50775}.Debug|x64.ActiveCfg = Debug|Any CPU
		{994E4C57-6D81-4DD4-AA78-05C313E50775}.Debug|x86.ActiveCfg = Debug|Any CPU
		{994E4C57-6D81-4DD4-AA78-05C313E50775}.Release|Any CPU.ActiveCfg = Release|Any CPU
		{994E4C57-6D81-4DD4-AA78-05C313E50775}.Release|x64.ActiveCfg = Release|Any CPU
		{994E4C57-6D81-4DD4-AA78-05C313E50775}.Release|x86.ActiveCfg = Release|Any CPU
		{9E3D1004-F8EE-4115-8A85-4FD8139EDA6F}.Debug|Any CPU.ActiveCfg = Debug|x64
		{9E3D1004-F8EE-4115-8A85-4FD8139EDA6F}.Debug|Any CPU.Build.0 = Debug|x64
		{9E3D1004-F8EE-4115-8A85-4FD8139EDA6F}.Debug|x64.ActiveCfg = Debug|x64
		{9E3D1004-F8EE-4115-8A85-4FD8139EDA6F}.Debug|x64.Build.0 = Debug|x64
		{9E3D1004-F8EE-4115-8A85-4FD8139EDA6F}.Debug|x86.ActiveCfg = Debug|Win32
		{9E3D1004-F8EE-4115-8A85-4FD8139EDA6F}.Debug|x86.Build.0 = Debug|Win32
		{9E3D1004-F8EE-4115-8A85-4FD8139EDA6F}.Release|Any CPU.ActiveCfg = Release|x64
		{9E3D1004-F8EE-4115-8A85-4FD8139EDA6F}.Release|Any CPU.Build.0 = Release|x64
		{9E3D1004-F8EE-4115-8A85-4FD8139EDA6F}.Release|x64.ActiveCfg = Release|x64
		{9E3D1004-F8EE-4115-8A85-4FD8139EDA6F}.Release|x64.Build.0 = Release|x64
		{9E3D1004-F8EE-4115-8A85-4FD8139EDA6F}.Release|x86.ActiveCfg = Release|Win32
		{9E3D1004-F8EE-4115-8A85-4FD8139EDA6F}.Release|x86.Build.0 = Release|Win32
		{CC176699-D399-47D7-A222-77F13C51E99D}.Debug|Any CPU.ActiveCfg = Debug|Any CPU
		{CC176699-D399-47D7-A222-77F13C51E99D}.Debug|Any CPU.Build.0 = Debug|Any CPU
		{CC176699-D399-47D7-A222-77F13C51E99D}.Debug|x64.ActiveCfg = Debug|Any CPU
		{CC176699-D399-47D7-A222-77F13C51E99D}.Debug|x64.Build.0 = Debug|Any CPU
		{CC176699-D399-47D7-A222-77F13C51E99D}.Debug|x86.ActiveCfg = Debug|Any CPU
		{CC176699-D399-47D7-A222-77F13C51E99D}.Debug|x86.Build.0 = Debug|Any CPU
		{CC176699-D399-47D7-A222-77F13C51E99D}.Release|Any CPU.ActiveCfg = Release|Any CPU
		{CC176699-D399-47D7-A222-77F13C51E99D}.Release|Any CPU.Build.0 = Release|Any CPU
		{CC176699-D399-47D7-A222-77F13C51E99D}.Release|x64.ActiveCfg = Release|Any CPU
		{CC176699-D399-47D7-A222-77F13C51E99D}.Release|x64.Build.0 = Release|Any CPU
		{CC176699-D399-47D7-A222-77F13C51E99D}.Release|x86.ActiveCfg = Release|Any CPU
		{CC176699-D399-47D7-A222-77F13C51E99D}.Release|x86.Build.0 = Release|Any CPU
		{D10C97B4-D2DD-447E-96B2-F150BC31E384}.Debug|Any CPU.ActiveCfg = Debug|Any CPU
		{D10C97B4-D2DD-447E-96B2-F150BC31E384}.Debug|Any CPU.Build.0 = Debug|Any CPU
		{D10C97B4-D2DD-447E-96B2-F150BC31E384}.Debug|x64.ActiveCfg = Debug|Any CPU
		{D10C97B4-D2DD-447E-96B2-F150BC31E384}.Debug|x64.Build.0 = Debug|Any CPU
		{D10C97B4-D2DD-447E-96B2-F150BC31E384}.Debug|x86.ActiveCfg = Debug|Any CPU
		{D10C97B4-D2DD-447E-96B2-F150BC31E384}.Debug|x86.Build.0 = Debug|Any CPU
		{D10C97B4-D2DD-447E-96B2-F150BC31E384}.Release|Any CPU.ActiveCfg = Release|Any CPU
		{D10C97B4-D2DD-447E-96B2-F150BC31E384}.Release|Any CPU.Build.0 = Release|Any CPU
		{D10C97B4-D2DD-447E-96B2-F150BC31E384}.Release|x64.ActiveCfg = Release|Any CPU
		{D10C97B4-D2DD-447E-96B2-F150BC31E384}.Release|x64.Build.0 = Release|Any CPU
		{D10C97B4-D2DD-447E-96B2-F150BC31E384}.Release|x86.ActiveCfg = Release|Any CPU
		{D10C97B4-D2DD-447E-96B2-F150BC31E384}.Release|x86.Build.0 = Release|Any CPU
		{19783C00-30EF-777D-EC68-2B0962DF4745}.Debug|Any CPU.ActiveCfg = Debug|Any CPU
		{19783C00-30EF-777D-EC68-2B0962DF4745}.Debug|Any CPU.Build.0 = Debug|Any CPU
		{19783C00-30EF-777D-EC68-2B0962DF4745}.Debug|x64.ActiveCfg = Debug|Any CPU
		{19783C00-30EF-777D-EC68-2B0962DF4745}.Debug|x64.Build.0 = Debug|Any CPU
		{19783C00-30EF-777D-EC68-2B0962DF4745}.Debug|x86.ActiveCfg = Debug|Any CPU
		{19783C00-30EF-777D-EC68-2B0962DF4745}.Debug|x86.Build.0 = Debug|Any CPU
		{19783C00-30EF-777D-EC68-2B0962DF4745}.Release|Any CPU.ActiveCfg = Release|Any CPU
		{19783C00-30EF-777D-EC68-2B0962DF4745}.Release|Any CPU.Build.0 = Release|Any CPU
		{19783C00-30EF-777D-EC68-2B0962DF4745}.Release|x64.ActiveCfg = Release|Any CPU
		{19783C00-30EF-777D-EC68-2B0962DF4745}.Release|x64.Build.0 = Release|Any CPU
		{19783C00-30EF-777D-EC68-2B0962DF4745}.Release|x86.ActiveCfg = Release|Any CPU
		{19783C00-30EF-777D-EC68-2B0962DF4745}.Release|x86.Build.0 = Release|Any CPU
		{1D7BE9B7-00A5-4E29-8AEC-FF006DF7395B}.Debug|Any CPU.ActiveCfg = Debug|Any CPU
		{1D7BE9B7-00A5-4E29-8AEC-FF006DF7395B}.Debug|x64.ActiveCfg = Debug|Any CPU
		{1D7BE9B7-00A5-4E29-8AEC-FF006DF7395B}.Debug|x86.ActiveCfg = Debug|Any CPU
		{1D7BE9B7-00A5-4E29-8AEC-FF006DF7395B}.Release|Any CPU.ActiveCfg = Release|Any CPU
		{1D7BE9B7-00A5-4E29-8AEC-FF006DF7395B}.Release|x64.ActiveCfg = Release|Any CPU
		{1D7BE9B7-00A5-4E29-8AEC-FF006DF7395B}.Release|x86.ActiveCfg = Release|Any CPU
		{E6F4444F-9628-4623-9050-BDC59DBBE90D}.Debug|Any CPU.ActiveCfg = Debug|x64
		{E6F4444F-9628-4623-9050-BDC59DBBE90D}.Debug|Any CPU.Build.0 = Debug|x64
		{E6F4444F-9628-4623-9050-BDC59DBBE90D}.Debug|x64.ActiveCfg = Debug|x64
		{E6F4444F-9628-4623-9050-BDC59DBBE90D}.Debug|x64.Build.0 = Debug|x64
		{E6F4444F-9628-4623-9050-BDC59DBBE90D}.Debug|x86.ActiveCfg = Debug|Win32
		{E6F4444F-9628-4623-9050-BDC59DBBE90D}.Debug|x86.Build.0 = Debug|Win32
		{E6F4444F-9628-4623-9050-BDC59DBBE90D}.Release|Any CPU.ActiveCfg = Release|x64
		{E6F4444F-9628-4623-9050-BDC59DBBE90D}.Release|Any CPU.Build.0 = Release|x64
		{E6F4444F-9628-4623-9050-BDC59DBBE90D}.Release|x64.ActiveCfg = Release|x64
		{E6F4444F-9628-4623-9050-BDC59DBBE90D}.Release|x64.Build.0 = Release|x64
		{E6F4444F-9628-4623-9050-BDC59DBBE90D}.Release|x86.ActiveCfg = Release|Win32
		{E6F4444F-9628-4623-9050-BDC59DBBE90D}.Release|x86.Build.0 = Release|Win32
		{4D80C897-C009-4FC4-B589-18B4954299E8}.Debug|Any CPU.ActiveCfg = Debug|Any CPU
		{4D80C897-C009-4FC4-B589-18B4954299E8}.Debug|Any CPU.Build.0 = Debug|Any CPU
		{4D80C897-C009-4FC4-B589-18B4954299E8}.Debug|x64.ActiveCfg = Debug|Any CPU
		{4D80C897-C009-4FC4-B589-18B4954299E8}.Debug|x64.Build.0 = Debug|Any CPU
		{4D80C897-C009-4FC4-B589-18B4954299E8}.Debug|x86.ActiveCfg = Debug|Any CPU
		{4D80C897-C009-4FC4-B589-18B4954299E8}.Debug|x86.Build.0 = Debug|Any CPU
		{4D80C897-C009-4FC4-B589-18B4954299E8}.Release|Any CPU.ActiveCfg = Release|Any CPU
		{4D80C897-C009-4FC4-B589-18B4954299E8}.Release|Any CPU.Build.0 = Release|Any CPU
		{4D80C897-C009-4FC4-B589-18B4954299E8}.Release|x64.ActiveCfg = Release|Any CPU
		{4D80C897-C009-4FC4-B589-18B4954299E8}.Release|x64.Build.0 = Release|Any CPU
		{4D80C897-C009-4FC4-B589-18B4954299E8}.Release|x86.ActiveCfg = Release|Any CPU
		{4D80C897-C009-4FC4-B589-18B4954299E8}.Release|x86.Build.0 = Release|Any CPU
		{99E4D580-38AB-49D1-8CB6-0C658629B24C}.Debug|Any CPU.ActiveCfg = Debug|Any CPU
		{99E4D580-38AB-49D1-8CB6-0C658629B24C}.Debug|Any CPU.Build.0 = Debug|Any CPU
		{99E4D580-38AB-49D1-8CB6-0C658629B24C}.Debug|x64.ActiveCfg = Debug|Any CPU
		{99E4D580-38AB-49D1-8CB6-0C658629B24C}.Debug|x64.Build.0 = Debug|Any CPU
		{99E4D580-38AB-49D1-8CB6-0C658629B24C}.Debug|x86.ActiveCfg = Debug|Any CPU
		{99E4D580-38AB-49D1-8CB6-0C658629B24C}.Debug|x86.Build.0 = Debug|Any CPU
		{99E4D580-38AB-49D1-8CB6-0C658629B24C}.Release|Any CPU.ActiveCfg = Release|Any CPU
		{99E4D580-38AB-49D1-8CB6-0C658629B24C}.Release|Any CPU.Build.0 = Release|Any CPU
		{99E4D580-38AB-49D1-8CB6-0C658629B24C}.Release|x64.ActiveCfg = Release|Any CPU
		{99E4D580-38AB-49D1-8CB6-0C658629B24C}.Release|x64.Build.0 = Release|Any CPU
		{99E4D580-38AB-49D1-8CB6-0C658629B24C}.Release|x86.ActiveCfg = Release|Any CPU
		{99E4D580-38AB-49D1-8CB6-0C658629B24C}.Release|x86.Build.0 = Release|Any CPU
		{4C0274EC-7580-4417-AA8E-2CD7B4512F11}.Debug|Any CPU.ActiveCfg = Debug|Any CPU
		{4C0274EC-7580-4417-AA8E-2CD7B4512F11}.Debug|Any CPU.Build.0 = Debug|Any CPU
		{4C0274EC-7580-4417-AA8E-2CD7B4512F11}.Debug|x64.ActiveCfg = Debug|Any CPU
		{4C0274EC-7580-4417-AA8E-2CD7B4512F11}.Debug|x64.Build.0 = Debug|Any CPU
		{4C0274EC-7580-4417-AA8E-2CD7B4512F11}.Debug|x86.ActiveCfg = Debug|Any CPU
		{4C0274EC-7580-4417-AA8E-2CD7B4512F11}.Debug|x86.Build.0 = Debug|Any CPU
		{4C0274EC-7580-4417-AA8E-2CD7B4512F11}.Release|Any CPU.ActiveCfg = Release|Any CPU
		{4C0274EC-7580-4417-AA8E-2CD7B4512F11}.Release|Any CPU.Build.0 = Release|Any CPU
		{4C0274EC-7580-4417-AA8E-2CD7B4512F11}.Release|x64.ActiveCfg = Release|Any CPU
		{4C0274EC-7580-4417-AA8E-2CD7B4512F11}.Release|x64.Build.0 = Release|Any CPU
		{4C0274EC-7580-4417-AA8E-2CD7B4512F11}.Release|x86.ActiveCfg = Release|Any CPU
		{4C0274EC-7580-4417-AA8E-2CD7B4512F11}.Release|x86.Build.0 = Release|Any CPU
		{58481A9B-92D8-4381-BCD8-6F6534BED49C}.Debug|Any CPU.ActiveCfg = Debug|Any CPU
		{58481A9B-92D8-4381-BCD8-6F6534BED49C}.Debug|x64.ActiveCfg = Debug|Any CPU
		{58481A9B-92D8-4381-BCD8-6F6534BED49C}.Debug|x86.ActiveCfg = Debug|Any CPU
		{58481A9B-92D8-4381-BCD8-6F6534BED49C}.Release|Any CPU.ActiveCfg = Release|Any CPU
		{58481A9B-92D8-4381-BCD8-6F6534BED49C}.Release|x64.ActiveCfg = Release|Any CPU
		{58481A9B-92D8-4381-BCD8-6F6534BED49C}.Release|x86.ActiveCfg = Release|Any CPU
		{0BB6F4D7-216B-4B8C-B951-2460A27739C5}.Debug|Any CPU.ActiveCfg = Debug|x64
		{0BB6F4D7-216B-4B8C-B951-2460A27739C5}.Debug|Any CPU.Build.0 = Debug|x64
		{0BB6F4D7-216B-4B8C-B951-2460A27739C5}.Debug|x64.ActiveCfg = Debug|x64
		{0BB6F4D7-216B-4B8C-B951-2460A27739C5}.Debug|x64.Build.0 = Debug|x64
		{0BB6F4D7-216B-4B8C-B951-2460A27739C5}.Debug|x86.ActiveCfg = Debug|Win32
		{0BB6F4D7-216B-4B8C-B951-2460A27739C5}.Debug|x86.Build.0 = Debug|Win32
		{0BB6F4D7-216B-4B8C-B951-2460A27739C5}.Release|Any CPU.ActiveCfg = Release|x64
		{0BB6F4D7-216B-4B8C-B951-2460A27739C5}.Release|Any CPU.Build.0 = Release|x64
		{0BB6F4D7-216B-4B8C-B951-2460A27739C5}.Release|x64.ActiveCfg = Release|x64
		{0BB6F4D7-216B-4B8C-B951-2460A27739C5}.Release|x64.Build.0 = Release|x64
		{0BB6F4D7-216B-4B8C-B951-2460A27739C5}.Release|x86.ActiveCfg = Release|Win32
		{0BB6F4D7-216B-4B8C-B951-2460A27739C5}.Release|x86.Build.0 = Release|Win32
		{08D7E7F9-0609-47C8-8224-A11E81F0C8F5}.Debug|Any CPU.ActiveCfg = Debug|Any CPU
		{08D7E7F9-0609-47C8-8224-A11E81F0C8F5}.Debug|Any CPU.Build.0 = Debug|Any CPU
		{08D7E7F9-0609-47C8-8224-A11E81F0C8F5}.Debug|x64.ActiveCfg = Debug|Any CPU
		{08D7E7F9-0609-47C8-8224-A11E81F0C8F5}.Debug|x64.Build.0 = Debug|Any CPU
		{08D7E7F9-0609-47C8-8224-A11E81F0C8F5}.Debug|x86.ActiveCfg = Debug|Any CPU
		{08D7E7F9-0609-47C8-8224-A11E81F0C8F5}.Debug|x86.Build.0 = Debug|Any CPU
		{08D7E7F9-0609-47C8-8224-A11E81F0C8F5}.Release|Any CPU.ActiveCfg = Release|Any CPU
		{08D7E7F9-0609-47C8-8224-A11E81F0C8F5}.Release|Any CPU.Build.0 = Release|Any CPU
		{08D7E7F9-0609-47C8-8224-A11E81F0C8F5}.Release|x64.ActiveCfg = Release|Any CPU
		{08D7E7F9-0609-47C8-8224-A11E81F0C8F5}.Release|x64.Build.0 = Release|Any CPU
		{08D7E7F9-0609-47C8-8224-A11E81F0C8F5}.Release|x86.ActiveCfg = Release|Any CPU
		{08D7E7F9-0609-47C8-8224-A11E81F0C8F5}.Release|x86.Build.0 = Release|Any CPU
		{25AD3181-096F-4B30-9511-BACD9CB47195}.Debug|Any CPU.ActiveCfg = Debug|Any CPU
		{25AD3181-096F-4B30-9511-BACD9CB47195}.Debug|Any CPU.Build.0 = Debug|Any CPU
		{25AD3181-096F-4B30-9511-BACD9CB47195}.Debug|x64.ActiveCfg = Debug|Any CPU
		{25AD3181-096F-4B30-9511-BACD9CB47195}.Debug|x64.Build.0 = Debug|Any CPU
		{25AD3181-096F-4B30-9511-BACD9CB47195}.Debug|x86.ActiveCfg = Debug|Any CPU
		{25AD3181-096F-4B30-9511-BACD9CB47195}.Debug|x86.Build.0 = Debug|Any CPU
		{25AD3181-096F-4B30-9511-BACD9CB47195}.Release|Any CPU.ActiveCfg = Release|Any CPU
		{25AD3181-096F-4B30-9511-BACD9CB47195}.Release|Any CPU.Build.0 = Release|Any CPU
		{25AD3181-096F-4B30-9511-BACD9CB47195}.Release|x64.ActiveCfg = Release|Any CPU
		{25AD3181-096F-4B30-9511-BACD9CB47195}.Release|x64.Build.0 = Release|Any CPU
		{25AD3181-096F-4B30-9511-BACD9CB47195}.Release|x86.ActiveCfg = Release|Any CPU
		{25AD3181-096F-4B30-9511-BACD9CB47195}.Release|x86.Build.0 = Release|Any CPU
		{13258B0B-3372-4445-B19D-056F251D49EC}.Debug|Any CPU.ActiveCfg = Debug|Any CPU
		{13258B0B-3372-4445-B19D-056F251D49EC}.Debug|Any CPU.Build.0 = Debug|Any CPU
		{13258B0B-3372-4445-B19D-056F251D49EC}.Debug|x64.ActiveCfg = Debug|Any CPU
		{13258B0B-3372-4445-B19D-056F251D49EC}.Debug|x64.Build.0 = Debug|Any CPU
		{13258B0B-3372-4445-B19D-056F251D49EC}.Debug|x86.ActiveCfg = Debug|Any CPU
		{13258B0B-3372-4445-B19D-056F251D49EC}.Debug|x86.Build.0 = Debug|Any CPU
		{13258B0B-3372-4445-B19D-056F251D49EC}.Release|Any CPU.ActiveCfg = Release|Any CPU
		{13258B0B-3372-4445-B19D-056F251D49EC}.Release|Any CPU.Build.0 = Release|Any CPU
		{13258B0B-3372-4445-B19D-056F251D49EC}.Release|x64.ActiveCfg = Release|Any CPU
		{13258B0B-3372-4445-B19D-056F251D49EC}.Release|x64.Build.0 = Release|Any CPU
		{13258B0B-3372-4445-B19D-056F251D49EC}.Release|x86.ActiveCfg = Release|Any CPU
		{13258B0B-3372-4445-B19D-056F251D49EC}.Release|x86.Build.0 = Release|Any CPU
		{0FDE092E-A6A4-4468-AA11-0A0A296EB18C}.Debug|Any CPU.ActiveCfg = Debug|Any CPU
		{0FDE092E-A6A4-4468-AA11-0A0A296EB18C}.Debug|x64.ActiveCfg = Debug|Any CPU
		{0FDE092E-A6A4-4468-AA11-0A0A296EB18C}.Debug|x86.ActiveCfg = Debug|Any CPU
		{0FDE092E-A6A4-4468-AA11-0A0A296EB18C}.Release|Any CPU.ActiveCfg = Release|Any CPU
		{0FDE092E-A6A4-4468-AA11-0A0A296EB18C}.Release|x64.ActiveCfg = Release|Any CPU
		{0FDE092E-A6A4-4468-AA11-0A0A296EB18C}.Release|x86.ActiveCfg = Release|Any CPU
		{45C4E7E1-8E1A-4080-9C27-410887113B2C}.Debug|Any CPU.ActiveCfg = Debug|x64
		{45C4E7E1-8E1A-4080-9C27-410887113B2C}.Debug|Any CPU.Build.0 = Debug|x64
		{45C4E7E1-8E1A-4080-9C27-410887113B2C}.Debug|x64.ActiveCfg = Debug|x64
		{45C4E7E1-8E1A-4080-9C27-410887113B2C}.Debug|x64.Build.0 = Debug|x64
		{45C4E7E1-8E1A-4080-9C27-410887113B2C}.Debug|x86.ActiveCfg = Debug|Win32
		{45C4E7E1-8E1A-4080-9C27-410887113B2C}.Debug|x86.Build.0 = Debug|Win32
		{45C4E7E1-8E1A-4080-9C27-410887113B2C}.Release|Any CPU.ActiveCfg = Release|x64
		{45C4E7E1-8E1A-4080-9C27-410887113B2C}.Release|Any CPU.Build.0 = Release|x64
		{45C4E7E1-8E1A-4080-9C27-410887113B2C}.Release|x64.ActiveCfg = Release|x64
		{45C4E7E1-8E1A-4080-9C27-410887113B2C}.Release|x64.Build.0 = Release|x64
		{45C4E7E1-8E1A-4080-9C27-410887113B2C}.Release|x86.ActiveCfg = Release|Win32
		{45C4E7E1-8E1A-4080-9C27-410887113B2C}.Release|x86.Build.0 = Release|Win32
		{5560CA65-85F0-4108-8248-FDDE6AE04BE5}.Debug|Any CPU.ActiveCfg = Debug|Any CPU
		{5560CA65-85F0-4108-8248-FDDE6AE04BE5}.Debug|Any CPU.Build.0 = Debug|Any CPU
		{5560CA65-85F0-4108-8248-FDDE6AE04BE5}.Debug|x64.ActiveCfg = Debug|Any CPU
		{5560CA65-85F0-4108-8248-FDDE6AE04BE5}.Debug|x64.Build.0 = Debug|Any CPU
		{5560CA65-85F0-4108-8248-FDDE6AE04BE5}.Debug|x86.ActiveCfg = Debug|Any CPU
		{5560CA65-85F0-4108-8248-FDDE6AE04BE5}.Debug|x86.Build.0 = Debug|Any CPU
		{5560CA65-85F0-4108-8248-FDDE6AE04BE5}.Release|Any CPU.ActiveCfg = Release|Any CPU
		{5560CA65-85F0-4108-8248-FDDE6AE04BE5}.Release|Any CPU.Build.0 = Release|Any CPU
		{5560CA65-85F0-4108-8248-FDDE6AE04BE5}.Release|x64.ActiveCfg = Release|Any CPU
		{5560CA65-85F0-4108-8248-FDDE6AE04BE5}.Release|x64.Build.0 = Release|Any CPU
		{5560CA65-85F0-4108-8248-FDDE6AE04BE5}.Release|x86.ActiveCfg = Release|Any CPU
		{5560CA65-85F0-4108-8248-FDDE6AE04BE5}.Release|x86.Build.0 = Release|Any CPU
		{5CC3DBE9-6B30-4BD5-8778-041565964509}.Debug|Any CPU.ActiveCfg = Debug|Any CPU
		{5CC3DBE9-6B30-4BD5-8778-041565964509}.Debug|Any CPU.Build.0 = Debug|Any CPU
		{5CC3DBE9-6B30-4BD5-8778-041565964509}.Debug|x64.ActiveCfg = Debug|Any CPU
		{5CC3DBE9-6B30-4BD5-8778-041565964509}.Debug|x64.Build.0 = Debug|Any CPU
		{5CC3DBE9-6B30-4BD5-8778-041565964509}.Debug|x86.ActiveCfg = Debug|Any CPU
		{5CC3DBE9-6B30-4BD5-8778-041565964509}.Debug|x86.Build.0 = Debug|Any CPU
		{5CC3DBE9-6B30-4BD5-8778-041565964509}.Release|Any CPU.ActiveCfg = Release|Any CPU
		{5CC3DBE9-6B30-4BD5-8778-041565964509}.Release|Any CPU.Build.0 = Release|Any CPU
		{5CC3DBE9-6B30-4BD5-8778-041565964509}.Release|x64.ActiveCfg = Release|Any CPU
		{5CC3DBE9-6B30-4BD5-8778-041565964509}.Release|x64.Build.0 = Release|Any CPU
		{5CC3DBE9-6B30-4BD5-8778-041565964509}.Release|x86.ActiveCfg = Release|Any CPU
		{5CC3DBE9-6B30-4BD5-8778-041565964509}.Release|x86.Build.0 = Release|Any CPU
		{0E9D1415-5974-49E0-8356-5611D2F8AF7F}.Debug|Any CPU.ActiveCfg = Debug|Any CPU
		{0E9D1415-5974-49E0-8356-5611D2F8AF7F}.Debug|x64.ActiveCfg = Debug|Any CPU
		{0E9D1415-5974-49E0-8356-5611D2F8AF7F}.Debug|x86.ActiveCfg = Debug|Any CPU
		{0E9D1415-5974-49E0-8356-5611D2F8AF7F}.Release|Any CPU.ActiveCfg = Release|Any CPU
		{0E9D1415-5974-49E0-8356-5611D2F8AF7F}.Release|x64.ActiveCfg = Release|Any CPU
		{0E9D1415-5974-49E0-8356-5611D2F8AF7F}.Release|x86.ActiveCfg = Release|Any CPU
		{DDE5B9CF-FF88-4295-839A-E4FE2C20FDCF}.Debug|Any CPU.ActiveCfg = Debug|x64
		{DDE5B9CF-FF88-4295-839A-E4FE2C20FDCF}.Debug|Any CPU.Build.0 = Debug|x64
		{DDE5B9CF-FF88-4295-839A-E4FE2C20FDCF}.Debug|x64.ActiveCfg = Debug|x64
		{DDE5B9CF-FF88-4295-839A-E4FE2C20FDCF}.Debug|x64.Build.0 = Debug|x64
		{DDE5B9CF-FF88-4295-839A-E4FE2C20FDCF}.Debug|x86.ActiveCfg = Debug|Win32
		{DDE5B9CF-FF88-4295-839A-E4FE2C20FDCF}.Debug|x86.Build.0 = Debug|Win32
		{DDE5B9CF-FF88-4295-839A-E4FE2C20FDCF}.Release|Any CPU.ActiveCfg = Release|x64
		{DDE5B9CF-FF88-4295-839A-E4FE2C20FDCF}.Release|Any CPU.Build.0 = Release|x64
		{DDE5B9CF-FF88-4295-839A-E4FE2C20FDCF}.Release|x64.ActiveCfg = Release|x64
		{DDE5B9CF-FF88-4295-839A-E4FE2C20FDCF}.Release|x64.Build.0 = Release|x64
		{DDE5B9CF-FF88-4295-839A-E4FE2C20FDCF}.Release|x86.ActiveCfg = Release|Win32
		{DDE5B9CF-FF88-4295-839A-E4FE2C20FDCF}.Release|x86.Build.0 = Release|Win32
		{D3E6A8CA-6597-4880-8847-1FE496831472}.Debug|Any CPU.ActiveCfg = Debug|Any CPU
		{D3E6A8CA-6597-4880-8847-1FE496831472}.Debug|Any CPU.Build.0 = Debug|Any CPU
		{D3E6A8CA-6597-4880-8847-1FE496831472}.Debug|x64.ActiveCfg = Debug|Any CPU
		{D3E6A8CA-6597-4880-8847-1FE496831472}.Debug|x64.Build.0 = Debug|Any CPU
		{D3E6A8CA-6597-4880-8847-1FE496831472}.Debug|x86.ActiveCfg = Debug|Any CPU
		{D3E6A8CA-6597-4880-8847-1FE496831472}.Debug|x86.Build.0 = Debug|Any CPU
		{D3E6A8CA-6597-4880-8847-1FE496831472}.Release|Any CPU.ActiveCfg = Release|Any CPU
		{D3E6A8CA-6597-4880-8847-1FE496831472}.Release|Any CPU.Build.0 = Release|Any CPU
		{D3E6A8CA-6597-4880-8847-1FE496831472}.Release|x64.ActiveCfg = Release|Any CPU
		{D3E6A8CA-6597-4880-8847-1FE496831472}.Release|x64.Build.0 = Release|Any CPU
		{D3E6A8CA-6597-4880-8847-1FE496831472}.Release|x86.ActiveCfg = Release|Any CPU
		{D3E6A8CA-6597-4880-8847-1FE496831472}.Release|x86.Build.0 = Release|Any CPU
		{7877CA38-2770-4FF3-9E5B-6475C91745E1}.Debug|Any CPU.ActiveCfg = Debug|Any CPU
		{7877CA38-2770-4FF3-9E5B-6475C91745E1}.Debug|Any CPU.Build.0 = Debug|Any CPU
		{7877CA38-2770-4FF3-9E5B-6475C91745E1}.Debug|x64.ActiveCfg = Debug|Any CPU
		{7877CA38-2770-4FF3-9E5B-6475C91745E1}.Debug|x64.Build.0 = Debug|Any CPU
		{7877CA38-2770-4FF3-9E5B-6475C91745E1}.Debug|x86.ActiveCfg = Debug|Any CPU
		{7877CA38-2770-4FF3-9E5B-6475C91745E1}.Debug|x86.Build.0 = Debug|Any CPU
		{7877CA38-2770-4FF3-9E5B-6475C91745E1}.Release|Any CPU.ActiveCfg = Release|Any CPU
		{7877CA38-2770-4FF3-9E5B-6475C91745E1}.Release|Any CPU.Build.0 = Release|Any CPU
		{7877CA38-2770-4FF3-9E5B-6475C91745E1}.Release|x64.ActiveCfg = Release|Any CPU
		{7877CA38-2770-4FF3-9E5B-6475C91745E1}.Release|x64.Build.0 = Release|Any CPU
		{7877CA38-2770-4FF3-9E5B-6475C91745E1}.Release|x86.ActiveCfg = Release|Any CPU
		{7877CA38-2770-4FF3-9E5B-6475C91745E1}.Release|x86.Build.0 = Release|Any CPU
		{98285A39-5D24-41FD-B60B-F8C87DE6D176}.Debug|Any CPU.ActiveCfg = Debug|Any CPU
		{98285A39-5D24-41FD-B60B-F8C87DE6D176}.Debug|Any CPU.Build.0 = Debug|Any CPU
		{98285A39-5D24-41FD-B60B-F8C87DE6D176}.Debug|x64.ActiveCfg = Debug|Any CPU
		{98285A39-5D24-41FD-B60B-F8C87DE6D176}.Debug|x64.Build.0 = Debug|Any CPU
		{98285A39-5D24-41FD-B60B-F8C87DE6D176}.Debug|x86.ActiveCfg = Debug|Any CPU
		{98285A39-5D24-41FD-B60B-F8C87DE6D176}.Debug|x86.Build.0 = Debug|Any CPU
		{98285A39-5D24-41FD-B60B-F8C87DE6D176}.Release|Any CPU.ActiveCfg = Release|Any CPU
		{98285A39-5D24-41FD-B60B-F8C87DE6D176}.Release|Any CPU.Build.0 = Release|Any CPU
		{98285A39-5D24-41FD-B60B-F8C87DE6D176}.Release|x64.ActiveCfg = Release|Any CPU
		{98285A39-5D24-41FD-B60B-F8C87DE6D176}.Release|x64.Build.0 = Release|Any CPU
		{98285A39-5D24-41FD-B60B-F8C87DE6D176}.Release|x86.ActiveCfg = Release|Any CPU
		{98285A39-5D24-41FD-B60B-F8C87DE6D176}.Release|x86.Build.0 = Release|Any CPU
		{4DEF1296-A12E-4FCA-A970-25B7D3A10FAF}.Debug|Any CPU.ActiveCfg = Debug|Any CPU
		{4DEF1296-A12E-4FCA-A970-25B7D3A10FAF}.Debug|Any CPU.Build.0 = Debug|Any CPU
		{4DEF1296-A12E-4FCA-A970-25B7D3A10FAF}.Debug|x64.ActiveCfg = Debug|Any CPU
		{4DEF1296-A12E-4FCA-A970-25B7D3A10FAF}.Debug|x64.Build.0 = Debug|Any CPU
		{4DEF1296-A12E-4FCA-A970-25B7D3A10FAF}.Debug|x86.ActiveCfg = Debug|Any CPU
		{4DEF1296-A12E-4FCA-A970-25B7D3A10FAF}.Debug|x86.Build.0 = Debug|Any CPU
		{4DEF1296-A12E-4FCA-A970-25B7D3A10FAF}.Release|Any CPU.ActiveCfg = Release|Any CPU
		{4DEF1296-A12E-4FCA-A970-25B7D3A10FAF}.Release|Any CPU.Build.0 = Release|Any CPU
		{4DEF1296-A12E-4FCA-A970-25B7D3A10FAF}.Release|x64.ActiveCfg = Release|Any CPU
		{4DEF1296-A12E-4FCA-A970-25B7D3A10FAF}.Release|x64.Build.0 = Release|Any CPU
		{4DEF1296-A12E-4FCA-A970-25B7D3A10FAF}.Release|x86.ActiveCfg = Release|Any CPU
		{4DEF1296-A12E-4FCA-A970-25B7D3A10FAF}.Release|x86.Build.0 = Release|Any CPU
		{3D10679A-9BED-4F89-A191-662E1A0521D7}.Debug|Any CPU.ActiveCfg = Debug|x64
		{3D10679A-9BED-4F89-A191-662E1A0521D7}.Debug|Any CPU.Build.0 = Debug|x64
		{3D10679A-9BED-4F89-A191-662E1A0521D7}.Debug|x64.ActiveCfg = Debug|x64
		{3D10679A-9BED-4F89-A191-662E1A0521D7}.Debug|x64.Build.0 = Debug|x64
		{3D10679A-9BED-4F89-A191-662E1A0521D7}.Debug|x86.ActiveCfg = Debug|Win32
		{3D10679A-9BED-4F89-A191-662E1A0521D7}.Debug|x86.Build.0 = Debug|Win32
		{3D10679A-9BED-4F89-A191-662E1A0521D7}.Release|Any CPU.ActiveCfg = Release|x64
		{3D10679A-9BED-4F89-A191-662E1A0521D7}.Release|Any CPU.Build.0 = Release|x64
		{3D10679A-9BED-4F89-A191-662E1A0521D7}.Release|x64.ActiveCfg = Release|x64
		{3D10679A-9BED-4F89-A191-662E1A0521D7}.Release|x64.Build.0 = Release|x64
		{3D10679A-9BED-4F89-A191-662E1A0521D7}.Release|x86.ActiveCfg = Release|Win32
		{3D10679A-9BED-4F89-A191-662E1A0521D7}.Release|x86.Build.0 = Release|Win32
		{7F1D163A-937A-44E4-8D65-1497404B1377}.Debug|Any CPU.ActiveCfg = Debug|Any CPU
		{7F1D163A-937A-44E4-8D65-1497404B1377}.Debug|Any CPU.Build.0 = Debug|Any CPU
		{7F1D163A-937A-44E4-8D65-1497404B1377}.Debug|x64.ActiveCfg = Debug|Any CPU
		{7F1D163A-937A-44E4-8D65-1497404B1377}.Debug|x64.Build.0 = Debug|Any CPU
		{7F1D163A-937A-44E4-8D65-1497404B1377}.Debug|x86.ActiveCfg = Debug|Any CPU
		{7F1D163A-937A-44E4-8D65-1497404B1377}.Debug|x86.Build.0 = Debug|Any CPU
		{7F1D163A-937A-44E4-8D65-1497404B1377}.Release|Any CPU.ActiveCfg = Release|Any CPU
		{7F1D163A-937A-44E4-8D65-1497404B1377}.Release|Any CPU.Build.0 = Release|Any CPU
		{7F1D163A-937A-44E4-8D65-1497404B1377}.Release|x64.ActiveCfg = Release|Any CPU
		{7F1D163A-937A-44E4-8D65-1497404B1377}.Release|x64.Build.0 = Release|Any CPU
		{7F1D163A-937A-44E4-8D65-1497404B1377}.Release|x86.ActiveCfg = Release|Any CPU
		{7F1D163A-937A-44E4-8D65-1497404B1377}.Release|x86.Build.0 = Release|Any CPU
		{C7FF527B-8808-407D-9B31-6F6CA19589D8}.Debug|Any CPU.ActiveCfg = Debug|Any CPU
		{C7FF527B-8808-407D-9B31-6F6CA19589D8}.Debug|Any CPU.Build.0 = Debug|Any CPU
		{C7FF527B-8808-407D-9B31-6F6CA19589D8}.Debug|x64.ActiveCfg = Debug|Any CPU
		{C7FF527B-8808-407D-9B31-6F6CA19589D8}.Debug|x64.Build.0 = Debug|Any CPU
		{C7FF527B-8808-407D-9B31-6F6CA19589D8}.Debug|x86.ActiveCfg = Debug|Any CPU
		{C7FF527B-8808-407D-9B31-6F6CA19589D8}.Debug|x86.Build.0 = Debug|Any CPU
		{C7FF527B-8808-407D-9B31-6F6CA19589D8}.Release|Any CPU.ActiveCfg = Release|Any CPU
		{C7FF527B-8808-407D-9B31-6F6CA19589D8}.Release|Any CPU.Build.0 = Release|Any CPU
		{C7FF527B-8808-407D-9B31-6F6CA19589D8}.Release|x64.ActiveCfg = Release|Any CPU
		{C7FF527B-8808-407D-9B31-6F6CA19589D8}.Release|x64.Build.0 = Release|Any CPU
		{C7FF527B-8808-407D-9B31-6F6CA19589D8}.Release|x86.ActiveCfg = Release|Any CPU
		{C7FF527B-8808-407D-9B31-6F6CA19589D8}.Release|x86.Build.0 = Release|Any CPU
		{69E8BDD2-6971-4237-9796-D66AAE4F0E04}.Debug|Any CPU.ActiveCfg = Debug|Any CPU
		{69E8BDD2-6971-4237-9796-D66AAE4F0E04}.Debug|Any CPU.Build.0 = Debug|Any CPU
		{69E8BDD2-6971-4237-9796-D66AAE4F0E04}.Debug|x64.ActiveCfg = Debug|Any CPU
		{69E8BDD2-6971-4237-9796-D66AAE4F0E04}.Debug|x64.Build.0 = Debug|Any CPU
		{69E8BDD2-6971-4237-9796-D66AAE4F0E04}.Debug|x86.ActiveCfg = Debug|Any CPU
		{69E8BDD2-6971-4237-9796-D66AAE4F0E04}.Debug|x86.Build.0 = Debug|Any CPU
		{69E8BDD2-6971-4237-9796-D66AAE4F0E04}.Release|Any CPU.ActiveCfg = Release|Any CPU
		{69E8BDD2-6971-4237-9796-D66AAE4F0E04}.Release|Any CPU.Build.0 = Release|Any CPU
		{69E8BDD2-6971-4237-9796-D66AAE4F0E04}.Release|x64.ActiveCfg = Release|Any CPU
		{69E8BDD2-6971-4237-9796-D66AAE4F0E04}.Release|x64.Build.0 = Release|Any CPU
		{69E8BDD2-6971-4237-9796-D66AAE4F0E04}.Release|x86.ActiveCfg = Release|Any CPU
		{69E8BDD2-6971-4237-9796-D66AAE4F0E04}.Release|x86.Build.0 = Release|Any CPU
	EndGlobalSection
	GlobalSection(SolutionProperties) = preSolution
		HideSolutionNode = FALSE
	EndGlobalSection
	GlobalSection(NestedProjects) = preSolution
		{40939540-155F-43DC-8BCC-DB14B19DB015} = {DDB4EF12-CC4E-5E88-E6FC-71A802F4DE97}
		{C4394568-A96D-4256-B3AB-BC54D15699AA} = {DDB4EF12-CC4E-5E88-E6FC-71A802F4DE97}
		{EF711C5C-0FA0-4368-9C41-860EA656B3A8} = {DDB4EF12-CC4E-5E88-E6FC-71A802F4DE97}
		{5273F887-71AF-4055-B5FD-28CA15BC4AE3} = {DDB4EF12-CC4E-5E88-E6FC-71A802F4DE97}
		{7AC0D379-2A56-4128-8321-04A6C9AA6593} = {DDB4EF12-CC4E-5E88-E6FC-71A802F4DE97}
		{A49895EF-F271-4BD8-B742-D5B56BCA6272} = {70C43657-7D18-4E95-98C9-32CD9DF5809E}
		{D2826D01-0189-4C58-8397-454C3AD647A8} = {70C43657-7D18-4E95-98C9-32CD9DF5809E}
		{17C7A339-D6AF-4529-A89E-CA06B6D010E4} = {70C43657-7D18-4E95-98C9-32CD9DF5809E}
		{EAA20C58-E4A8-4059-9FB1-1FD907AFE6C3} = {70C43657-7D18-4E95-98C9-32CD9DF5809E}
		{0F4C55C5-77E2-41C7-AC8F-46F36786F87B} = {70C43657-7D18-4E95-98C9-32CD9DF5809E}
		{994E4C57-6D81-4DD4-AA78-05C313E50775} = {70C43657-7D18-4E95-98C9-32CD9DF5809E}
		{9E3D1004-F8EE-4115-8A85-4FD8139EDA6F} = {70C43657-7D18-4E95-98C9-32CD9DF5809E}
		{CC176699-D399-47D7-A222-77F13C51E99D} = {70C43657-7D18-4E95-98C9-32CD9DF5809E}
		{D10C97B4-D2DD-447E-96B2-F150BC31E384} = {70C43657-7D18-4E95-98C9-32CD9DF5809E}
		{19783C00-30EF-777D-EC68-2B0962DF4745} = {70C43657-7D18-4E95-98C9-32CD9DF5809E}
		{1D7BE9B7-00A5-4E29-8AEC-FF006DF7395B} = {70C43657-7D18-4E95-98C9-32CD9DF5809E}
		{E6F4444F-9628-4623-9050-BDC59DBBE90D} = {70C43657-7D18-4E95-98C9-32CD9DF5809E}
		{4D80C897-C009-4FC4-B589-18B4954299E8} = {70C43657-7D18-4E95-98C9-32CD9DF5809E}
		{99E4D580-38AB-49D1-8CB6-0C658629B24C} = {70C43657-7D18-4E95-98C9-32CD9DF5809E}
		{4C0274EC-7580-4417-AA8E-2CD7B4512F11} = {70C43657-7D18-4E95-98C9-32CD9DF5809E}
		{58481A9B-92D8-4381-BCD8-6F6534BED49C} = {70C43657-7D18-4E95-98C9-32CD9DF5809E}
		{0BB6F4D7-216B-4B8C-B951-2460A27739C5} = {70C43657-7D18-4E95-98C9-32CD9DF5809E}
		{08D7E7F9-0609-47C8-8224-A11E81F0C8F5} = {70C43657-7D18-4E95-98C9-32CD9DF5809E}
		{25AD3181-096F-4B30-9511-BACD9CB47195} = {70C43657-7D18-4E95-98C9-32CD9DF5809E}
		{13258B0B-3372-4445-B19D-056F251D49EC} = {70C43657-7D18-4E95-98C9-32CD9DF5809E}
		{0FDE092E-A6A4-4468-AA11-0A0A296EB18C} = {70C43657-7D18-4E95-98C9-32CD9DF5809E}
		{45C4E7E1-8E1A-4080-9C27-410887113B2C} = {70C43657-7D18-4E95-98C9-32CD9DF5809E}
		{5560CA65-85F0-4108-8248-FDDE6AE04BE5} = {70C43657-7D18-4E95-98C9-32CD9DF5809E}
		{5CC3DBE9-6B30-4BD5-8778-041565964509} = {70C43657-7D18-4E95-98C9-32CD9DF5809E}
		{0E9D1415-5974-49E0-8356-5611D2F8AF7F} = {70C43657-7D18-4E95-98C9-32CD9DF5809E}
		{DDE5B9CF-FF88-4295-839A-E4FE2C20FDCF} = {70C43657-7D18-4E95-98C9-32CD9DF5809E}
		{D3E6A8CA-6597-4880-8847-1FE496831472} = {70C43657-7D18-4E95-98C9-32CD9DF5809E}
		{7877CA38-2770-4FF3-9E5B-6475C91745E1} = {70C43657-7D18-4E95-98C9-32CD9DF5809E}
		{98285A39-5D24-41FD-B60B-F8C87DE6D176} = {70C43657-7D18-4E95-98C9-32CD9DF5809E}
		{4DEF1296-A12E-4FCA-A970-25B7D3A10FAF} = {70C43657-7D18-4E95-98C9-32CD9DF5809E}
		{3D10679A-9BED-4F89-A191-662E1A0521D7} = {70C43657-7D18-4E95-98C9-32CD9DF5809E}
		{7F1D163A-937A-44E4-8D65-1497404B1377} = {70C43657-7D18-4E95-98C9-32CD9DF5809E}
		{C7FF527B-8808-407D-9B31-6F6CA19589D8} = {70C43657-7D18-4E95-98C9-32CD9DF5809E}
		{69E8BDD2-6971-4237-9796-D66AAE4F0E04} = {70C43657-7D18-4E95-98C9-32CD9DF5809E}
	EndGlobalSection
	GlobalSection(ExtensibilityGlobals) = postSolution
		SolutionGuid = {FDBD40E0-0899-4490-A0BE-BCAD0E93E6C3}
	EndGlobalSection
EndGlobal
